
Microsoft Visual Studio Solution File, Format Version 12.00
# Visual Studio 14
VisualStudioVersion = 14.0.24720.0
MinimumVisualStudioVersion = 10.0.40219.1
Project("{FAE04EC0-301F-11D3-BF4B-00C04F79EFBC}") = "ChickShoppingCommonResources", "ChickShoppingCommonResources\ChickShoppingCommonResources.csproj", "{8707C35D-CA29-4E11-B13A-11F79389FA99}"
EndProject
Project("{FAE04EC0-301F-11D3-BF4B-00C04F79EFBC}") = "ChickShoppingDataAccess", "ChickShoppingDataAccess\ChickShoppingDataAccess.csproj", "{2E2B9C31-E485-4561-803D-F1B8CEE197AE}"
EndProject
Project("{FAE04EC0-301F-11D3-BF4B-00C04F79EFBC}") = "ChickShoppingWebApi", "ChickShoppingWebApi\ChickShoppingWebApi.csproj", "{8DF0B8BE-790B-4DC7-B1B1-7976720656DD}"
EndProject
Project("{E24C65DC-7377-472B-9ABA-BC803B73C61A}") = "ChickShoppingApp(1)", "ChickShoppingApp\", "{8E72AEC5-4B75-49A8-9EEC-0FA6EE00E585}"
	ProjectSection(WebsiteProperties) = preProject
		TargetFrameworkMoniker = ".NETFramework,Version%3Dv4.5.2"
		Debug.AspNetCompiler.VirtualPath = "/localhost_41217"
		Debug.AspNetCompiler.PhysicalPath = "ChickShoppingApp\"
		Debug.AspNetCompiler.TargetPath = "PrecompiledWeb\localhost_41217\"
		Debug.AspNetCompiler.Updateable = "true"
		Debug.AspNetCompiler.ForceOverwrite = "true"
		Debug.AspNetCompiler.FixedNames = "false"
		Debug.AspNetCompiler.Debug = "True"
		Release.AspNetCompiler.VirtualPath = "/localhost_41217"
		Release.AspNetCompiler.PhysicalPath = "ChickShoppingApp\"
		Release.AspNetCompiler.TargetPath = "PrecompiledWeb\localhost_41217\"
		Release.AspNetCompiler.Updateable = "true"
		Release.AspNetCompiler.ForceOverwrite = "true"
		Release.AspNetCompiler.FixedNames = "false"
		Release.AspNetCompiler.Debug = "False"
		VWDPort = "41217"
		SlnRelativePath = "ChickShoppingApp\"
	EndProjectSection
EndProject
Global
	GlobalSection(SolutionConfigurationPlatforms) = preSolution
		Debug|Android = Debug|Android
		Debug|Any CPU = Debug|Any CPU
		Debug|iOS = Debug|iOS
		Debug|Windows Phone (Universal) = Debug|Windows Phone (Universal)
		Debug|Windows Phone 8 = Debug|Windows Phone 8
		Debug|Windows-AnyCPU = Debug|Windows-AnyCPU
		Debug|Windows-ARM = Debug|Windows-ARM
		Debug|Windows-x64 = Debug|Windows-x64
		Debug|Windows-x86 = Debug|Windows-x86
		Release|Android = Release|Android
		Release|Any CPU = Release|Any CPU
		Release|iOS = Release|iOS
		Release|Windows Phone (Universal) = Release|Windows Phone (Universal)
		Release|Windows Phone 8 = Release|Windows Phone 8
		Release|Windows-AnyCPU = Release|Windows-AnyCPU
		Release|Windows-ARM = Release|Windows-ARM
		Release|Windows-x64 = Release|Windows-x64
		Release|Windows-x86 = Release|Windows-x86
	EndGlobalSection
	GlobalSection(ProjectConfigurationPlatforms) = postSolution
		{8707C35D-CA29-4E11-B13A-11F79389FA99}.Debug|Android.ActiveCfg = Debug|Any CPU
		{8707C35D-CA29-4E11-B13A-11F79389FA99}.Debug|Android.Build.0 = Debug|Any CPU
		{8707C35D-CA29-4E11-B13A-11F79389FA99}.Debug|Any CPU.ActiveCfg = Debug|Any CPU
		{8707C35D-CA29-4E11-B13A-11F79389FA99}.Debug|Any CPU.Build.0 = Debug|Any CPU
		{8707C35D-CA29-4E11-B13A-11F79389FA99}.Debug|iOS.ActiveCfg = Debug|Any CPU
		{8707C35D-CA29-4E11-B13A-11F79389FA99}.Debug|iOS.Build.0 = Debug|Any CPU
		{8707C35D-CA29-4E11-B13A-11F79389FA99}.Debug|Windows Phone (Universal).ActiveCfg = Debug|Any CPU
		{8707C35D-CA29-4E11-B13A-11F79389FA99}.Debug|Windows Phone (Universal).Build.0 = Debug|Any CPU
		{8707C35D-CA29-4E11-B13A-11F79389FA99}.Debug|Windows Phone 8.ActiveCfg = Debug|Any CPU
		{8707C35D-CA29-4E11-B13A-11F79389FA99}.Debug|Windows Phone 8.Build.0 = Debug|Any CPU
		{8707C35D-CA29-4E11-B13A-11F79389FA99}.Debug|Windows-AnyCPU.ActiveCfg = Debug|Any CPU
		{8707C35D-CA29-4E11-B13A-11F79389FA99}.Debug|Windows-AnyCPU.Build.0 = Debug|Any CPU
		{8707C35D-CA29-4E11-B13A-11F79389FA99}.Debug|Windows-ARM.ActiveCfg = Debug|Any CPU
		{8707C35D-CA29-4E11-B13A-11F79389FA99}.Debug|Windows-ARM.Build.0 = Debug|Any CPU
		{8707C35D-CA29-4E11-B13A-11F79389FA99}.Debug|Windows-x64.ActiveCfg = Debug|Any CPU
		{8707C35D-CA29-4E11-B13A-11F79389FA99}.Debug|Windows-x64.Build.0 = Debug|Any CPU
		{8707C35D-CA29-4E11-B13A-11F79389FA99}.Debug|Windows-x86.ActiveCfg = Debug|Any CPU
		{8707C35D-CA29-4E11-B13A-11F79389FA99}.Debug|Windows-x86.Build.0 = Debug|Any CPU
		{8707C35D-CA29-4E11-B13A-11F79389FA99}.Release|Android.ActiveCfg = Release|Any CPU
		{8707C35D-CA29-4E11-B13A-11F79389FA99}.Release|Android.Build.0 = Release|Any CPU
		{8707C35D-CA29-4E11-B13A-11F79389FA99}.Release|Any CPU.ActiveCfg = Release|Any CPU
		{8707C35D-CA29-4E11-B13A-11F79389FA99}.Release|Any CPU.Build.0 = Release|Any CPU
		{8707C35D-CA29-4E11-B13A-11F79389FA99}.Release|iOS.ActiveCfg = Release|Any CPU
		{8707C35D-CA29-4E11-B13A-11F79389FA99}.Release|iOS.Build.0 = Release|Any CPU
		{8707C35D-CA29-4E11-B13A-11F79389FA99}.Release|Windows Phone (Universal).ActiveCfg = Release|Any CPU
		{8707C35D-CA29-4E11-B13A-11F79389FA99}.Release|Windows Phone (Universal).Build.0 = Release|Any CPU
		{8707C35D-CA29-4E11-B13A-11F79389FA99}.Release|Windows Phone 8.ActiveCfg = Release|Any CPU
		{8707C35D-CA29-4E11-B13A-11F79389FA99}.Release|Windows Phone 8.Build.0 = Release|Any CPU
		{8707C35D-CA29-4E11-B13A-11F79389FA99}.Release|Windows-AnyCPU.ActiveCfg = Release|Any CPU
		{8707C35D-CA29-4E11-B13A-11F79389FA99}.Release|Windows-AnyCPU.Build.0 = Release|Any CPU
		{8707C35D-CA29-4E11-B13A-11F79389FA99}.Release|Windows-ARM.ActiveCfg = Release|Any CPU
		{8707C35D-CA29-4E11-B13A-11F79389FA99}.Release|Windows-ARM.Build.0 = Release|Any CPU
		{8707C35D-CA29-4E11-B13A-11F79389FA99}.Release|Windows-x64.ActiveCfg = Release|Any CPU
		{8707C35D-CA29-4E11-B13A-11F79389FA99}.Release|Windows-x64.Build.0 = Release|Any CPU
		{8707C35D-CA29-4E11-B13A-11F79389FA99}.Release|Windows-x86.ActiveCfg = Release|Any CPU
		{8707C35D-CA29-4E11-B13A-11F79389FA99}.Release|Windows-x86.Build.0 = Release|Any CPU
		{2E2B9C31-E485-4561-803D-F1B8CEE197AE}.Debug|Android.ActiveCfg = Debug|Any CPU
		{2E2B9C31-E485-4561-803D-F1B8CEE197AE}.Debug|Android.Build.0 = Debug|Any CPU
		{2E2B9C31-E485-4561-803D-F1B8CEE197AE}.Debug|Any CPU.ActiveCfg = Debug|Any CPU
		{2E2B9C31-E485-4561-803D-F1B8CEE197AE}.Debug|Any CPU.Build.0 = Debug|Any CPU
		{2E2B9C31-E485-4561-803D-F1B8CEE197AE}.Debug|iOS.ActiveCfg = Debug|Any CPU
		{2E2B9C31-E485-4561-803D-F1B8CEE197AE}.Debug|iOS.Build.0 = Debug|Any CPU
		{2E2B9C31-E485-4561-803D-F1B8CEE197AE}.Debug|Windows Phone (Universal).ActiveCfg = Debug|Any CPU
		{2E2B9C31-E485-4561-803D-F1B8CEE197AE}.Debug|Windows Phone (Universal).Build.0 = Debug|Any CPU
		{2E2B9C31-E485-4561-803D-F1B8CEE197AE}.Debug|Windows Phone 8.ActiveCfg = Debug|Any CPU
		{2E2B9C31-E485-4561-803D-F1B8CEE197AE}.Debug|Windows Phone 8.Build.0 = Debug|Any CPU
		{2E2B9C31-E485-4561-803D-F1B8CEE197AE}.Debug|Windows-AnyCPU.ActiveCfg = Debug|Any CPU
		{2E2B9C31-E485-4561-803D-F1B8CEE197AE}.Debug|Windows-AnyCPU.Build.0 = Debug|Any CPU
		{2E2B9C31-E485-4561-803D-F1B8CEE197AE}.Debug|Windows-ARM.ActiveCfg = Debug|Any CPU
		{2E2B9C31-E485-4561-803D-F1B8CEE197AE}.Debug|Windows-ARM.Build.0 = Debug|Any CPU
		{2E2B9C31-E485-4561-803D-F1B8CEE197AE}.Debug|Windows-x64.ActiveCfg = Debug|Any CPU
		{2E2B9C31-E485-4561-803D-F1B8CEE197AE}.Debug|Windows-x64.Build.0 = Debug|Any CPU
		{2E2B9C31-E485-4561-803D-F1B8CEE197AE}.Debug|Windows-x86.ActiveCfg = Debug|Any CPU
		{2E2B9C31-E485-4561-803D-F1B8CEE197AE}.Debug|Windows-x86.Build.0 = Debug|Any CPU
		{2E2B9C31-E485-4561-803D-F1B8CEE197AE}.Release|Android.ActiveCfg = Release|Any CPU
		{2E2B9C31-E485-4561-803D-F1B8CEE197AE}.Release|Android.Build.0 = Release|Any CPU
		{2E2B9C31-E485-4561-803D-F1B8CEE197AE}.Release|Any CPU.ActiveCfg = Release|Any CPU
		{2E2B9C31-E485-4561-803D-F1B8CEE197AE}.Release|Any CPU.Build.0 = Release|Any CPU
		{2E2B9C31-E485-4561-803D-F1B8CEE197AE}.Release|iOS.ActiveCfg = Release|Any CPU
		{2E2B9C31-E485-4561-803D-F1B8CEE197AE}.Release|iOS.Build.0 = Release|Any CPU
		{2E2B9C31-E485-4561-803D-F1B8CEE197AE}.Release|Windows Phone (Universal).ActiveCfg = Release|Any CPU
		{2E2B9C31-E485-4561-803D-F1B8CEE197AE}.Release|Windows Phone (Universal).Build.0 = Release|Any CPU
		{2E2B9C31-E485-4561-803D-F1B8CEE197AE}.Release|Windows Phone 8.ActiveCfg = Release|Any CPU
		{2E2B9C31-E485-4561-803D-F1B8CEE197AE}.Release|Windows Phone 8.Build.0 = Release|Any CPU
		{2E2B9C31-E485-4561-803D-F1B8CEE197AE}.Release|Windows-AnyCPU.ActiveCfg = Release|Any CPU
		{2E2B9C31-E485-4561-803D-F1B8CEE197AE}.Release|Windows-AnyCPU.Build.0 = Release|Any CPU
		{2E2B9C31-E485-4561-803D-F1B8CEE197AE}.Release|Windows-ARM.ActiveCfg = Release|Any CPU
		{2E2B9C31-E485-4561-803D-F1B8CEE197AE}.Release|Windows-ARM.Build.0 = Release|Any CPU
		{2E2B9C31-E485-4561-803D-F1B8CEE197AE}.Release|Windows-x64.ActiveCfg = Release|Any CPU
		{2E2B9C31-E485-4561-803D-F1B8CEE197AE}.Release|Windows-x64.Build.0 = Release|Any CPU
		{2E2B9C31-E485-4561-803D-F1B8CEE197AE}.Release|Windows-x86.ActiveCfg = Release|Any CPU
		{2E2B9C31-E485-4561-803D-F1B8CEE197AE}.Release|Windows-x86.Build.0 = Release|Any CPU
		{8DF0B8BE-790B-4DC7-B1B1-7976720656DD}.Debug|Android.ActiveCfg = Debug|Any CPU
		{8DF0B8BE-790B-4DC7-B1B1-7976720656DD}.Debug|Android.Build.0 = Debug|Any CPU
		{8DF0B8BE-790B-4DC7-B1B1-7976720656DD}.Debug|Any CPU.ActiveCfg = Debug|Any CPU
		{8DF0B8BE-790B-4DC7-B1B1-7976720656DD}.Debug|Any CPU.Build.0 = Debug|Any CPU
		{8DF0B8BE-790B-4DC7-B1B1-7976720656DD}.Debug|iOS.ActiveCfg = Debug|Any CPU
		{8DF0B8BE-790B-4DC7-B1B1-7976720656DD}.Debug|iOS.Build.0 = Debug|Any CPU
		{8DF0B8BE-790B-4DC7-B1B1-7976720656DD}.Debug|Windows Phone (Universal).ActiveCfg = Debug|Any CPU
		{8DF0B8BE-790B-4DC7-B1B1-7976720656DD}.Debug|Windows Phone (Universal).Build.0 = Debug|Any CPU
		{8DF0B8BE-790B-4DC7-B1B1-7976720656DD}.Debug|Windows Phone 8.ActiveCfg = Debug|Any CPU
		{8DF0B8BE-790B-4DC7-B1B1-7976720656DD}.Debug|Windows Phone 8.Build.0 = Debug|Any CPU
		{8DF0B8BE-790B-4DC7-B1B1-7976720656DD}.Debug|Windows-AnyCPU.ActiveCfg = Debug|Any CPU
		{8DF0B8BE-790B-4DC7-B1B1-7976720656DD}.Debug|Windows-AnyCPU.Build.0 = Debug|Any CPU
		{8DF0B8BE-790B-4DC7-B1B1-7976720656DD}.Debug|Windows-ARM.ActiveCfg = Debug|Any CPU
		{8DF0B8BE-790B-4DC7-B1B1-7976720656DD}.Debug|Windows-ARM.Build.0 = Debug|Any CPU
		{8DF0B8BE-790B-4DC7-B1B1-7976720656DD}.Debug|Windows-x64.ActiveCfg = Debug|Any CPU
		{8DF0B8BE-790B-4DC7-B1B1-7976720656DD}.Debug|Windows-x64.Build.0 = Debug|Any CPU
		{8DF0B8BE-790B-4DC7-B1B1-7976720656DD}.Debug|Windows-x86.ActiveCfg = Debug|Any CPU
		{8DF0B8BE-790B-4DC7-B1B1-7976720656DD}.Debug|Windows-x86.Build.0 = Debug|Any CPU
		{8DF0B8BE-790B-4DC7-B1B1-7976720656DD}.Release|Android.ActiveCfg = Release|Any CPU
		{8DF0B8BE-790B-4DC7-B1B1-7976720656DD}.Release|Android.Build.0 = Release|Any CPU
		{8DF0B8BE-790B-4DC7-B1B1-7976720656DD}.Release|Any CPU.ActiveCfg = Release|Any CPU
		{8DF0B8BE-790B-4DC7-B1B1-7976720656DD}.Release|Any CPU.Build.0 = Release|Any CPU
		{8DF0B8BE-790B-4DC7-B1B1-7976720656DD}.Release|iOS.ActiveCfg = Release|Any CPU
		{8DF0B8BE-790B-4DC7-B1B1-7976720656DD}.Release|iOS.Build.0 = Release|Any CPU
		{8DF0B8BE-790B-4DC7-B1B1-7976720656DD}.Release|Windows Phone (Universal).ActiveCfg = Release|Any CPU
		{8DF0B8BE-790B-4DC7-B1B1-7976720656DD}.Release|Windows Phone (Universal).Build.0 = Release|Any CPU
		{8DF0B8BE-790B-4DC7-B1B1-7976720656DD}.Release|Windows Phone 8.ActiveCfg = Release|Any CPU
		{8DF0B8BE-790B-4DC7-B1B1-7976720656DD}.Release|Windows Phone 8.Build.0 = Release|Any CPU
		{8DF0B8BE-790B-4DC7-B1B1-7976720656DD}.Release|Windows-AnyCPU.ActiveCfg = Release|Any CPU
		{8DF0B8BE-790B-4DC7-B1B1-7976720656DD}.Release|Windows-AnyCPU.Build.0 = Release|Any CPU
		{8DF0B8BE-790B-4DC7-B1B1-7976720656DD}.Release|Windows-ARM.ActiveCfg = Release|Any CPU
		{8DF0B8BE-790B-4DC7-B1B1-7976720656DD}.Release|Windows-ARM.Build.0 = Release|Any CPU
		{8DF0B8BE-790B-4DC7-B1B1-7976720656DD}.Release|Windows-x64.ActiveCfg = Release|Any CPU
		{8DF0B8BE-790B-4DC7-B1B1-7976720656DD}.Release|Windows-x64.Build.0 = Release|Any CPU
		{8DF0B8BE-790B-4DC7-B1B1-7976720656DD}.Release|Windows-x86.ActiveCfg = Release|Any CPU
		{8DF0B8BE-790B-4DC7-B1B1-7976720656DD}.Release|Windows-x86.Build.0 = Release|Any CPU
		{8E72AEC5-4B75-49A8-9EEC-0FA6EE00E585}.Debug|Android.ActiveCfg = Debug|Any CPU
		{8E72AEC5-4B75-49A8-9EEC-0FA6EE00E585}.Debug|Android.Build.0 = Debug|Any CPU
		{8E72AEC5-4B75-49A8-9EEC-0FA6EE00E585}.Debug|Any CPU.ActiveCfg = Debug|Any CPU
		{8E72AEC5-4B75-49A8-9EEC-0FA6EE00E585}.Debug|Any CPU.Build.0 = Debug|Any CPU
		{8E72AEC5-4B75-49A8-9EEC-0FA6EE00E585}.Debug|iOS.ActiveCfg = Debug|Any CPU
		{8E72AEC5-4B75-49A8-9EEC-0FA6EE00E585}.Debug|iOS.Build.0 = Debug|Any CPU
		{8E72AEC5-4B75-49A8-9EEC-0FA6EE00E585}.Debug|Windows Phone (Universal).ActiveCfg = Debug|Any CPU
		{8E72AEC5-4B75-49A8-9EEC-0FA6EE00E585}.Debug|Windows Phone (Universal).Build.0 = Debug|Any CPU
		{8E72AEC5-4B75-49A8-9EEC-0FA6EE00E585}.Debug|Windows Phone 8.ActiveCfg = Debug|Any CPU
		{8E72AEC5-4B75-49A8-9EEC-0FA6EE00E585}.Debug|Windows Phone 8.Build.0 = Debug|Any CPU
		{8E72AEC5-4B75-49A8-9EEC-0FA6EE00E585}.Debug|Windows-AnyCPU.ActiveCfg = Debug|Any CPU
		{8E72AEC5-4B75-49A8-9EEC-0FA6EE00E585}.Debug|Windows-AnyCPU.Build.0 = Debug|Any CPU
		{8E72AEC5-4B75-49A8-9EEC-0FA6EE00E585}.Debug|Windows-ARM.ActiveCfg = Debug|Any CPU
		{8E72AEC5-4B75-49A8-9EEC-0FA6EE00E585}.Debug|Windows-ARM.Build.0 = Debug|Any CPU
		{8E72AEC5-4B75-49A8-9EEC-0FA6EE00E585}.Debug|Windows-x64.ActiveCfg = Debug|Any CPU
		{8E72AEC5-4B75-49A8-9EEC-0FA6EE00E585}.Debug|Windows-x64.Build.0 = Debug|Any CPU
		{8E72AEC5-4B75-49A8-9EEC-0FA6EE00E585}.Debug|Windows-x86.ActiveCfg = Debug|Any CPU
		{8E72AEC5-4B75-49A8-9EEC-0FA6EE00E585}.Debug|Windows-x86.Build.0 = Debug|Any CPU
		{8E72AEC5-4B75-49A8-9EEC-0FA6EE00E585}.Release|Android.ActiveCfg = Debug|Any CPU
		{8E72AEC5-4B75-49A8-9EEC-0FA6EE00E585}.Release|Android.Build.0 = Debug|Any CPU
		{8E72AEC5-4B75-49A8-9EEC-0FA6EE00E585}.Release|Any CPU.ActiveCfg = Debug|Any CPU
		{8E72AEC5-4B75-49A8-9EEC-0FA6EE00E585}.Release|Any CPU.Build.0 = Debug|Any CPU
		{8E72AEC5-4B75-49A8-9EEC-0FA6EE00E585}.Release|iOS.ActiveCfg = Debug|Any CPU
		{8E72AEC5-4B75-49A8-9EEC-0FA6EE00E585}.Release|iOS.Build.0 = Debug|Any CPU
		{8E72AEC5-4B75-49A8-9EEC-0FA6EE00E585}.Release|Windows Phone (Universal).ActiveCfg = Debug|Any CPU
		{8E72AEC5-4B75-49A8-9EEC-0FA6EE00E585}.Release|Windows Phone (Universal).Build.0 = Debug|Any CPU
		{8E72AEC5-4B75-49A8-9EEC-0FA6EE00E585}.Release|Windows Phone 8.ActiveCfg = Debug|Any CPU
		{8E72AEC5-4B75-49A8-9EEC-0FA6EE00E585}.Release|Windows Phone 8.Build.0 = Debug|Any CPU
		{8E72AEC5-4B75-49A8-9EEC-0FA6EE00E585}.Release|Windows-AnyCPU.ActiveCfg = Debug|Any CPU
		{8E72AEC5-4B75-49A8-9EEC-0FA6EE00E585}.Release|Windows-AnyCPU.Build.0 = Debug|Any CPU
		{8E72AEC5-4B75-49A8-9EEC-0FA6EE00E585}.Release|Windows-ARM.ActiveCfg = Debug|Any CPU
		{8E72AEC5-4B75-49A8-9EEC-0FA6EE00E585}.Release|Windows-ARM.Build.0 = Debug|Any CPU
		{8E72AEC5-4B75-49A8-9EEC-0FA6EE00E585}.Release|Windows-x64.ActiveCfg = Debug|Any CPU
		{8E72AEC5-4B75-49A8-9EEC-0FA6EE00E585}.Release|Windows-x64.Build.0 = Debug|Any CPU
		{8E72AEC5-4B75-49A8-9EEC-0FA6EE00E585}.Release|Windows-x86.ActiveCfg = Debug|Any CPU
		{8E72AEC5-4B75-49A8-9EEC-0FA6EE00E585}.Release|Windows-x86.Build.0 = Debug|Any CPU
	EndGlobalSection
	GlobalSection(SolutionProperties) = preSolution
		HideSolutionNode = FALSE
	EndGlobalSection
EndGlobal
